
Microsoft Visual Studio Solution File, Format Version 12.00
# Visual Studio Version 17
VisualStudioVersion = 17.0.31903.59
MinimumVisualStudioVersion = 10.0.40219.1
Project("{2150E333-8FDC-42A3-9474-1A3956D46DE8}") = "src", "src", "{73A4CB16-86AB-4298-891D-BEF4FF1A419A}"
EndProject
Project("{FAE04EC0-301F-11D3-BF4B-00C04F79EFBC}") = "MedicalCenter.Api", "src\MedicalCenter.Api\MedicalCenter.Api.csproj", "{92CE26BB-7C7F-4DB9-84B6-390977CFD6C7}"
EndProject
Project("{FAE04EC0-301F-11D3-BF4B-00C04F79EFBC}") = "MedicalCenter.Application", "src\MedicalCenter.Application\MedicalCenter.Application.csproj", "{B1E899C1-7C2E-403B-BBE5-755CEB93857B}"
EndProject
Project("{FAE04EC0-301F-11D3-BF4B-00C04F79EFBC}") = "MedicalCenter.Domain", "src\MedicalCenter.Domain\MedicalCenter.Domain.csproj", "{9D2A64A3-4F00-44E2-B157-B6B466850195}"
EndProject
Project("{FAE04EC0-301F-11D3-BF4B-00C04F79EFBC}") = "MedicalCenter.Infrastructure", "src\MedicalCenter.Infrastructure\MedicalCenter.Infrastructure.csproj", "{A0920C33-14BA-4D0C-B026-DC1011B56513}"
EndProject
Project("{FAE04EC0-301F-11D3-BF4B-00C04F79EFBC}") = "MedicalCenter.Contracts", "src\MedicalCenter.Contracts\MedicalCenter.Contracts.csproj", "{AE42CA30-CE52-4B6B-83D5-7F82C72DE126}"
EndProject
Project("{2150E333-8FDC-42A3-9474-1A3956D46DE8}") = "tests", "tests", "{734D382D-7315-4A72-8F4A-D58DA6F8846E}"
EndProject
Project("{FAE04EC0-301F-11D3-BF4B-00C04F79EFBC}") = "MedicalCenter.UnitTests", "tests\MedicalCenter.UnitTests\MedicalCenter.UnitTests.csproj", "{9AFA917F-D802-4A19-962D-C0320EFCCD80}"
EndProject
Project("{FAE04EC0-301F-11D3-BF4B-00C04F79EFBC}") = "MedicalCenter.IntegrationTests", "tests\MedicalCenter.IntegrationTests\MedicalCenter.IntegrationTests.csproj", "{2C62FFDF-D203-43B3-A588-146A644489F3}"
EndProject
Project("{2150E333-8FDC-42A3-9474-1A3956D46DE8}") = "tools", "tools", "{E7CA0DA8-6816-4102-AE3F-BFE1E7F90133}"
EndProject
Project("{FAE04EC0-301F-11D3-BF4B-00C04F79EFBC}") = "MedicalCenter.Launcher", "tools\MedicalCenter.Launcher\MedicalCenter.Launcher.csproj", "{320BC53D-1A19-444F-B4E7-0B1591CDC22A}"
EndProject
Project("{FAE04EC0-301F-11D3-BF4B-00C04F79EFBC}") = "MedicalCenter.Launcher.Tests", "tests\MedicalCenter.Launcher.Tests\MedicalCenter.Launcher.Tests.csproj", "{57C11F5B-8CF6-4D15-A7E6-970B2D654EC0}"
EndProject
Global
	GlobalSection(SolutionConfigurationPlatforms) = preSolution
		Debug|Any CPU = Debug|Any CPU
		Release|Any CPU = Release|Any CPU
	EndGlobalSection
	GlobalSection(SolutionProperties) = preSolution
		HideSolutionNode = FALSE
	EndGlobalSection
	GlobalSection(ProjectConfigurationPlatforms) = postSolution
		{92CE26BB-7C7F-4DB9-84B6-390977CFD6C7}.Debug|Any CPU.ActiveCfg = Debug|Any CPU
		{92CE26BB-7C7F-4DB9-84B6-390977CFD6C7}.Debug|Any CPU.Build.0 = Debug|Any CPU
		{92CE26BB-7C7F-4DB9-84B6-390977CFD6C7}.Release|Any CPU.ActiveCfg = Release|Any CPU
		{92CE26BB-7C7F-4DB9-84B6-390977CFD6C7}.Release|Any CPU.Build.0 = Release|Any CPU
		{B1E899C1-7C2E-403B-BBE5-755CEB93857B}.Debug|Any CPU.ActiveCfg = Debug|Any CPU
		{B1E899C1-7C2E-403B-BBE5-755CEB93857B}.Debug|Any CPU.Build.0 = Debug|Any CPU
		{B1E899C1-7C2E-403B-BBE5-755CEB93857B}.Release|Any CPU.ActiveCfg = Release|Any CPU
		{B1E899C1-7C2E-403B-BBE5-755CEB93857B}.Release|Any CPU.Build.0 = Release|Any CPU
		{9D2A64A3-4F00-44E2-B157-B6B466850195}.Debug|Any CPU.ActiveCfg = Debug|Any CPU
		{9D2A64A3-4F00-44E2-B157-B6B466850195}.Debug|Any CPU.Build.0 = Debug|Any CPU
		{9D2A64A3-4F00-44E2-B157-B6B466850195}.Release|Any CPU.ActiveCfg = Release|Any CPU
		{9D2A64A3-4F00-44E2-B157-B6B466850195}.Release|Any CPU.Build.0 = Release|Any CPU
		{A0920C33-14BA-4D0C-B026-DC1011B56513}.Debug|Any CPU.ActiveCfg = Debug|Any CPU
		{A0920C33-14BA-4D0C-B026-DC1011B56513}.Debug|Any CPU.Build.0 = Debug|Any CPU
		{A0920C33-14BA-4D0C-B026-DC1011B56513}.Release|Any CPU.ActiveCfg = Release|Any CPU
		{A0920C33-14BA-4D0C-B026-DC1011B56513}.Release|Any CPU.Build.0 = Release|Any CPU
		{AE42CA30-CE52-4B6B-83D5-7F82C72DE126}.Debug|Any CPU.ActiveCfg = Debug|Any CPU
		{AE42CA30-CE52-4B6B-83D5-7F82C72DE126}.Debug|Any CPU.Build.0 = Debug|Any CPU
		{AE42CA30-CE52-4B6B-83D5-7F82C72DE126}.Release|Any CPU.ActiveCfg = Release|Any CPU
		{AE42CA30-CE52-4B6B-83D5-7F82C72DE126}.Release|Any CPU.Build.0 = Release|Any CPU
		{9AFA917F-D802-4A19-962D-C0320EFCCD80}.Debug|Any CPU.ActiveCfg = Debug|Any CPU
		{9AFA917F-D802-4A19-962D-C0320EFCCD80}.Debug|Any CPU.Build.0 = Debug|Any CPU
		{9AFA917F-D802-4A19-962D-C0320EFCCD80}.Release|Any CPU.ActiveCfg = Release|Any CPU
		{9AFA917F-D802-4A19-962D-C0320EFCCD80}.Release|Any CPU.Build.0 = Release|Any CPU
		{2C62FFDF-D203-43B3-A588-146A644489F3}.Debug|Any CPU.ActiveCfg = Debug|Any CPU
		{2C62FFDF-D203-43B3-A588-146A644489F3}.Debug|Any CPU.Build.0 = Debug|Any CPU
		{2C62FFDF-D203-43B3-A588-146A644489F3}.Release|Any CPU.ActiveCfg = Release|Any CPU
		{2C62FFDF-D203-43B3-A588-146A644489F3}.Release|Any CPU.Build.0 = Release|Any CPU
		{320BC53D-1A19-444F-B4E7-0B1591CDC22A}.Debug|Any CPU.ActiveCfg = Debug|Any CPU
		{320BC53D-1A19-444F-B4E7-0B1591CDC22A}.Debug|Any CPU.Build.0 = Debug|Any CPU
		{320BC53D-1A19-444F-B4E7-0B1591CDC22A}.Release|Any CPU.ActiveCfg = Release|Any CPU
		{320BC53D-1A19-444F-B4E7-0B1591CDC22A}.Release|Any CPU.Build.0 = Release|Any CPU
		{57C11F5B-8CF6-4D15-A7E6-970B2D654EC0}.Debug|Any CPU.ActiveCfg = Debug|Any CPU
		{57C11F5B-8CF6-4D15-A7E6-970B2D654EC0}.Debug|Any CPU.Build.0 = Debug|Any CPU
		{57C11F5B-8CF6-4D15-A7E6-970B2D654EC0}.Release|Any CPU.ActiveCfg = Release|Any CPU
		{57C11F5B-8CF6-4D15-A7E6-970B2D654EC0}.Release|Any CPU.Build.0 = Release|Any CPU
	EndGlobalSection
	GlobalSection(NestedProjects) = preSolution
		{92CE26BB-7C7F-4DB9-84B6-390977CFD6C7} = {73A4CB16-86AB-4298-891D-BEF4FF1A419A}
		{B1E899C1-7C2E-403B-BBE5-755CEB93857B} = {73A4CB16-86AB-4298-891D-BEF4FF1A419A}
		{9D2A64A3-4F00-44E2-B157-B6B466850195} = {73A4CB16-86AB-4298-891D-BEF4FF1A419A}
		{A0920C33-14BA-4D0C-B026-DC1011B56513} = {73A4CB16-86AB-4298-891D-BEF4FF1A419A}
		{AE42CA30-CE52-4B6B-83D5-7F82C72DE126} = {73A4CB16-86AB-4298-891D-BEF4FF1A419A}
		{9AFA917F-D802-4A19-962D-C0320EFCCD80} = {734D382D-7315-4A72-8F4A-D58DA6F8846E}
		{2C62FFDF-D203-43B3-A588-146A644489F3} = {734D382D-7315-4A72-8F4A-D58DA6F8846E}
		{320BC53D-1A19-444F-B4E7-0B1591CDC22A} = {E7CA0DA8-6816-4102-AE3F-BFE1E7F90133}
		{57C11F5B-8CF6-4D15-A7E6-970B2D654EC0} = {734D382D-7315-4A72-8F4A-D58DA6F8846E}
	EndGlobalSection
EndGlobal
